// !$*UTF8*$!
{
	archiveVersion = 1;
	classes = {
	};
	objectVersion = 50;
	objects = {

/* Begin PBXBuildFile section */
		D080EDDF213D4F5300499320 /* AppDelegate.m in Sources */ = {isa = PBXBuildFile; fileRef = D080EDDE213D4F5300499320 /* AppDelegate.m */; };
		D080EDE2213D4F5300499320 /* ViewController.m in Sources */ = {isa = PBXBuildFile; fileRef = D080EDE1213D4F5300499320 /* ViewController.m */; };
		D080EDE5213D4F5300499320 /* Main.storyboard in Resources */ = {isa = PBXBuildFile; fileRef = D080EDE3213D4F5300499320 /* Main.storyboard */; };
		D080EDE7213D4F5400499320 /* Assets.xcassets in Resources */ = {isa = PBXBuildFile; fileRef = D080EDE6213D4F5400499320 /* Assets.xcassets */; };
		D080EDEA213D4F5400499320 /* LaunchScreen.storyboard in Resources */ = {isa = PBXBuildFile; fileRef = D080EDE8213D4F5400499320 /* LaunchScreen.storyboard */; };
		D080EDED213D4F5400499320 /* main.m in Sources */ = {isa = PBXBuildFile; fileRef = D080EDEC213D4F5400499320 /* main.m */; };
/* End PBXBuildFile section */

/* Begin PBXFileReference section */
		D080EDDA213D4F5300499320 /* Objc-Test.app */ = {isa = PBXFileReference; explicitFileType = wrapper.application; includeInIndex = 0; path = "Objc-Test.app"; sourceTree = BUILT_PRODUCTS_DIR; };
		D080EDDD213D4F5300499320 /* AppDelegate.h */ = {isa = PBXFileReference; lastKnownFileType = sourcecode.c.h; path = AppDelegate.h; sourceTree = "<group>"; };
		D080EDDE213D4F5300499320 /* AppDelegate.m */ = {isa = PBXFileReference; lastKnownFileType = sourcecode.c.objc; path = AppDelegate.m; sourceTree = "<group>"; };
		D080EDE0213D4F5300499320 /* ViewController.h */ = {isa = PBXFileReference; lastKnownFileType = sourcecode.c.h; path = ViewController.h; sourceTree = "<group>"; };
		D080EDE1213D4F5300499320 /* ViewController.m */ = {isa = PBXFileReference; lastKnownFileType = sourcecode.c.objc; path = ViewController.m; sourceTree = "<group>"; };
		D080EDE4213D4F5300499320 /* Base */ = {isa = PBXFileReference; lastKnownFileType = file.storyboard; name = Base; path = Base.lproj/Main.storyboard; sourceTree = "<group>"; };
		D080EDE6213D4F5400499320 /* Assets.xcassets */ = {isa = PBXFileReference; lastKnownFileType = folder.assetcatalog; path = Assets.xcassets; sourceTree = "<group>"; };
		D080EDE9213D4F5400499320 /* Base */ = {isa = PBXFileReference; lastKnownFileType = file.storyboard; name = Base; path = Base.lproj/LaunchScreen.storyboard; sourceTree = "<group>"; };
		D080EDEB213D4F5400499320 /* Info.plist */ = {isa = PBXFileReference; lastKnownFileType = text.plist.xml; path = Info.plist; sourceTree = "<group>"; };
		D080EDEC213D4F5400499320 /* main.m */ = {isa = PBXFileReference; lastKnownFileType = sourcecode.c.objc; path = main.m; sourceTree = "<group>"; };
/* End PBXFileReference section */

/* Begin PBXFrameworksBuildPhase section */
		D080EDD7213D4F5300499320 /* Frameworks */ = {
			isa = PBXFrameworksBuildPhase;
			buildActionMask = 2147483647;
			files = (
			);
			runOnlyForDeploymentPostprocessing = 0;
		};
/* End PBXFrameworksBuildPhase section */

/* Begin PBXGroup section */
		D080EDD1213D4F5300499320 = {
			isa = PBXGroup;
			children = (
				D080EDDC213D4F5300499320 /* Objc-Test */,
				D080EDDB213D4F5300499320 /* Products */,
			);
			sourceTree = "<group>";
		};
		D080EDDB213D4F5300499320 /* Products */ = {
			isa = PBXGroup;
			children = (
				D080EDDA213D4F5300499320 /* Objc-Test.app */,
			);
			name = Products;
			sourceTree = "<group>";
		};
		D080EDDC213D4F5300499320 /* Objc-Test */ = {
			isa = PBXGroup;
			children = (
				D080EDDD213D4F5300499320 /* AppDelegate.h */,
				D080EDDE213D4F5300499320 /* AppDelegate.m */,
				D080EDE0213D4F5300499320 /* ViewController.h */,
				D080EDE1213D4F5300499320 /* ViewController.m */,
				D080EDE3213D4F5300499320 /* Main.storyboard */,
				D080EDE6213D4F5400499320 /* Assets.xcassets */,
				D080EDE8213D4F5400499320 /* LaunchScreen.storyboard */,
				D080EDEB213D4F5400499320 /* Info.plist */,
				D080EDEC213D4F5400499320 /* main.m */,
			);
			path = "Objc-Test";
			sourceTree = "<group>";
		};
/* End PBXGroup section */

/* Begin PBXNativeTarget section */
		D080EDD9213D4F5300499320 /* Objc-Test */ = {
			isa = PBXNativeTarget;
			buildConfigurationList = D080EDF0213D4F5400499320 /* Build configuration list for PBXNativeTarget "Objc-Test" */;
			buildPhases = (
				D080EDD6213D4F5300499320 /* Sources */,
				D080EDD7213D4F5300499320 /* Frameworks */,
				D080EDD8213D4F5300499320 /* Resources */,
			);
			buildRules = (
			);
			dependencies = (
			);
			name = "Objc-Test";
			productName = "Objc-Test";
			productReference = D080EDDA213D4F5300499320 /* Objc-Test.app */;
			productType = "com.apple.product-type.application";
		};
/* End PBXNativeTarget section */

/* Begin PBXProject section */
		D080EDD2213D4F5300499320 /* Project object */ = {
			isa = PBXProject;
			attributes = {
				LastUpgradeCheck = 0940;
				ORGANIZATIONNAME = "Norman Laudien";
				TargetAttributes = {
					D080EDD9213D4F5300499320 = {
						CreatedOnToolsVersion = 9.4.1;
					};
				};
			};
			buildConfigurationList = D080EDD5213D4F5300499320 /* Build configuration list for PBXProject "Objc-Test" */;
			compatibilityVersion = "Xcode 9.3";
			developmentRegion = en;
			hasScannedForEncodings = 0;
			knownRegions = (
				en,
				Base,
			);
			mainGroup = D080EDD1213D4F5300499320;
			productRefGroup = D080EDDB213D4F5300499320 /* Products */;
			projectDirPath = "";
			projectRoot = "";
			targets = (
				D080EDD9213D4F5300499320 /* Objc-Test */,
			);
		};
/* End PBXProject section */

/* Begin PBXResourcesBuildPhase section */
		D080EDD8213D4F5300499320 /* Resources */ = {
			isa = PBXResourcesBuildPhase;
			buildActionMask = 2147483647;
			files = (
				D080EDEA213D4F5400499320 /* LaunchScreen.storyboard in Resources */,
				D080EDE7213D4F5400499320 /* Assets.xcassets in Resources */,
				D080EDE5213D4F5300499320 /* Main.storyboard in Resources */,
			);
			runOnlyForDeploymentPostprocessing = 0;
		};
/* End PBXResourcesBuildPhase section */

/* Begin PBXSourcesBuildPhase section */
		D080EDD6213D4F5300499320 /* Sources */ = {
			isa = PBXSourcesBuildPhase;
			buildActionMask = 2147483647;
			files = (
				D080EDE2213D4F5300499320 /* ViewController.m in Sources */,
				D080EDED213D4F5400499320 /* main.m in Sources */,
				D080EDDF213D4F5300499320 /* AppDelegate.m in Sources */,
			);
			runOnlyForDeploymentPostprocessing = 0;
		};
/* End PBXSourcesBuildPhase section */

/* Begin PBXVariantGroup section */
		D080EDE3213D4F5300499320 /* Main.storyboard */ = {
			isa = PBXVariantGroup;
			children = (
				D080EDE4213D4F5300499320 /* Base */,
			);
			name = Main.storyboard;
			sourceTree = "<group>";
		};
		D080EDE8213D4F5400499320 /* LaunchScreen.storyboard */ = {
			isa = PBXVariantGroup;
			children = (
				D080EDE9213D4F5400499320 /* Base */,
			);
			name = LaunchScreen.storyboard;
			sourceTree = "<group>";
		};
/* End PBXVariantGroup section */

/* Begin XCBuildConfiguration section */
		D080EDEE213D4F5400499320 /* Debug */ = {
			isa = XCBuildConfiguration;
			buildSettings = {
				ALWAYS_SEARCH_USER_PATHS = NO;
				CLANG_ANALYZER_NONNULL = YES;
				CLANG_ANALYZER_NUMBER_OBJECT_CONVERSION = YES_AGGRESSIVE;
				CLANG_CXX_LANGUAGE_STANDARD = "gnu++14";
				CLANG_CXX_LIBRARY = "libc++";
				CLANG_ENABLE_MODULES = YES;
				CLANG_ENABLE_OBJC_ARC = YES;
				CLANG_ENABLE_OBJC_WEAK = YES;
				CLANG_WARN_BLOCK_CAPTURE_AUTORELEASING = YES;
				CLANG_WARN_BOOL_CONVERSION = YES;
				CLANG_WARN_COMMA = YES;
				CLANG_WARN_CONSTANT_CONVERSION = YES;
				CLANG_WARN_DEPRECATED_OBJC_IMPLEMENTATIONS = YES;
				CLANG_WARN_DIRECT_OBJC_ISA_USAGE = YES_ERROR;
				CLANG_WARN_DOCUMENTATION_COMMENTS = YES;
				CLANG_WARN_EMPTY_BODY = YES;
				CLANG_WARN_ENUM_CONVERSION = YES;
				CLANG_WARN_INFINITE_RECURSION = YES;
				CLANG_WARN_INT_CONVERSION = YES;
				CLANG_WARN_NON_LITERAL_NULL_CONVERSION = YES;
				CLANG_WARN_OBJC_IMPLICIT_RETAIN_SELF = YES;
				CLANG_WARN_OBJC_LITERAL_CONVERSION = YES;
				CLANG_WARN_OBJC_ROOT_CLASS = YES_ERROR;
				CLANG_WARN_RANGE_LOOP_ANALYSIS = YES;
				CLANG_WARN_STRICT_PROTOTYPES = YES;
				CLANG_WARN_SUSPICIOUS_MOVE = YES;
				CLANG_WARN_UNGUARDED_AVAILABILITY = YES_AGGRESSIVE;
				CLANG_WARN_UNREACHABLE_CODE = YES;
				CLANG_WARN__DUPLICATE_METHOD_MATCH = YES;
				CODE_SIGN_IDENTITY = "iPhone Developer";
				COPY_PHASE_STRIP = NO;
				DEBUG_INFORMATION_FORMAT = dwarf;
				ENABLE_STRICT_OBJC_MSGSEND = YES;
				ENABLE_TESTABILITY = YES;
				GCC_C_LANGUAGE_STANDARD = gnu11;
				GCC_DYNAMIC_NO_PIC = NO;
				GCC_NO_COMMON_BLOCKS = YES;
				GCC_OPTIMIZATION_LEVEL = 0;
				GCC_PREPROCESSOR_DEFINITIONS = (
					"DEBUG=1",
					"$(inherited)",
				);
				GCC_WARN_64_TO_32_BIT_CONVERSION = YES;
				GCC_WARN_ABOUT_RETURN_TYPE = YES_ERROR;
				GCC_WARN_UNDECLARED_SELECTOR = YES;
				GCC_WARN_UNINITIALIZED_AUTOS = YES_AGGRESSIVE;
				GCC_WARN_UNUSED_FUNCTION = YES;
				GCC_WARN_UNUSED_VARIABLE = YES;
				IPHONEOS_DEPLOYMENT_TARGET = 11.4;
				MTL_ENABLE_DEBUG_INFO = YES;
				ONLY_ACTIVE_ARCH = YES;
				SDKROOT = iphoneos;
			};
			name = Debug;
		};
		D080EDEF213D4F5400499320 /* Release */ = {
			isa = XCBuildConfiguration;
			buildSettings = {
				ALWAYS_SEARCH_USER_PATHS = NO;
				CLANG_ANALYZER_NONNULL = YES;
				CLANG_ANALYZER_NUMBER_OBJECT_CONVERSION = YES_AGGRESSIVE;
				CLANG_CXX_LANGUAGE_STANDARD = "gnu++14";
				CLANG_CXX_LIBRARY = "libc++";
				CLANG_ENABLE_MODULES = YES;
				CLANG_ENABLE_OBJC_ARC = YES;
				CLANG_ENABLE_OBJC_WEAK = YES;
				CLANG_WARN_BLOCK_CAPTURE_AUTORELEASING = YES;
				CLANG_WARN_BOOL_CONVERSION = YES;
				CLANG_WARN_COMMA = YES;
				CLANG_WARN_CONSTANT_CONVERSION = YES;
				CLANG_WARN_DEPRECATED_OBJC_IMPLEMENTATIONS = YES;
				CLANG_WARN_DIRECT_OBJC_ISA_USAGE = YES_ERROR;
				CLANG_WARN_DOCUMENTATION_COMMENTS = YES;
				CLANG_WARN_EMPTY_BODY = YES;
				CLANG_WARN_ENUM_CONVERSION = YES;
				CLANG_WARN_INFINITE_RECURSION = YES;
				CLANG_WARN_INT_CONVERSION = YES;
				CLANG_WARN_NON_LITERAL_NULL_CONVERSION = YES;
				CLANG_WARN_OBJC_IMPLICIT_RETAIN_SELF = YES;
				CLANG_WARN_OBJC_LITERAL_CONVERSION = YES;
				CLANG_WARN_OBJC_ROOT_CLASS = YES_ERROR;
				CLANG_WARN_RANGE_LOOP_ANALYSIS = YES;
				CLANG_WARN_STRICT_PROTOTYPES = YES;
				CLANG_WARN_SUSPICIOUS_MOVE = YES;
				CLANG_WARN_UNGUARDED_AVAILABILITY = YES_AGGRESSIVE;
				CLANG_WARN_UNREACHABLE_CODE = YES;
				CLANG_WARN__DUPLICATE_METHOD_MATCH = YES;
				CODE_SIGN_IDENTITY = "iPhone Developer";
				COPY_PHASE_STRIP = NO;
				DEBUG_INFORMATION_FORMAT = "dwarf-with-dsym";
				ENABLE_NS_ASSERTIONS = NO;
				ENABLE_STRICT_OBJC_MSGSEND = YES;
				GCC_C_LANGUAGE_STANDARD = gnu11;
				GCC_NO_COMMON_BLOCKS = YES;
				GCC_WARN_64_TO_32_BIT_CONVERSION = YES;
				GCC_WARN_ABOUT_RETURN_TYPE = YES_ERROR;
				GCC_WARN_UNDECLARED_SELECTOR = YES;
				GCC_WARN_UNINITIALIZED_AUTOS = YES_AGGRESSIVE;
				GCC_WARN_UNUSED_FUNCTION = YES;
				GCC_WARN_UNUSED_VARIABLE = YES;
				IPHONEOS_DEPLOYMENT_TARGET = 11.4;
				MTL_ENABLE_DEBUG_INFO = NO;
				SDKROOT = iphoneos;
				VALIDATE_PRODUCT = YES;
			};
			name = Release;
		};
		D080EDF1213D4F5400499320 /* Debug */ = {
			isa = XCBuildConfiguration;
			buildSettings = {
				ASSETCATALOG_COMPILER_APPICON_NAME = AppIcon;
				CODE_SIGN_STYLE = Automatic;
				DEVELOPMENT_TEAM = 6J6V466332;
				INFOPLIST_FILE = "Objc-Test/Info.plist";
				LD_RUNPATH_SEARCH_PATHS = (
					"$(inherited)",
					"@executable_path/Frameworks",
				);
				PRODUCT_BUNDLE_IDENTIFIER = "com.laudien.p1xelfehler.Objc-Test";
				PRODUCT_NAME = "$(TARGET_NAME)";
				TARGETED_DEVICE_FAMILY = 1;
			};
			name = Debug;
		};
		D080EDF2213D4F5400499320 /* Release */ = {
			isa = XCBuildConfiguration;
			buildSettings = {
				ASSETCATALOG_COMPILER_APPICON_NAME = AppIcon;
				CODE_SIGN_STYLE = Automatic;
				DEVELOPMENT_TEAM = 6J6V466332;
				INFOPLIST_FILE = "Objc-Test/Info.plist";
				LD_RUNPATH_SEARCH_PATHS = (
					"$(inherited)",
					"@executable_path/Frameworks",
				);
				PRODUCT_BUNDLE_IDENTIFIER = "com.laudien.p1xelfehler.Objc-Test";
				PRODUCT_NAME = "$(TARGET_NAME)";
				TARGETED_DEVICE_FAMILY = 1;
			};
			name = Release;
		};
/* End XCBuildConfiguration section */

/* Begin XCConfigurationList section */
		D080EDD5213D4F5300499320 /* Build configuration list for PBXProject "Objc-Test" */ = {
			isa = XCConfigurationList;
			buildConfigurations = (
				D080EDEE213D4F5400499320 /* Debug */,
				D080EDEF213D4F5400499320 /* Release */,
			);
			defaultConfigurationIsVisible = 0;
			defaultConfigurationName = Release;
		};
		D080EDF0213D4F5400499320 /* Build configuration list for PBXNativeTarget "Objc-Test" */ = {
			isa = XCConfigurationList;
			buildConfigurations = (
				D080EDF1213D4F5400499320 /* Debug */,
				D080EDF2213D4F5400499320 /* Release */,
			);
			defaultConfigurationIsVisible = 0;
			defaultConfigurationName = Release;
		};
/* End XCConfigurationList section */
	};
	rootObject = D080EDD2213D4F5300499320 /* Project object */;
}
